
Microsoft Visual Studio Solution File, Format Version 12.00
# Visual Studio Version 17
VisualStudioVersion = 17.11.35303.130
MinimumVisualStudioVersion = 10.0.40219.1
Project("{888888A0-9F3D-457C-B088-3A5042F75D52}") = "Ejemplo", "Pytest\Ejemplo.pyproj", "{2EB6D8F5-81FA-4B93-B8BB-B309C721C76B}"
EndProject
Project("{888888A0-9F3D-457C-B088-3A5042F75D52}") = "Problema1", "Problema1\Problema1.pyproj", "{7B1E09C4-22CF-4718-BE3E-3EBCECAA12F2}"
EndProject
Global
	GlobalSection(SolutionConfigurationPlatforms) = preSolution
		Debug|Any CPU = Debug|Any CPU
		Release|Any CPU = Release|Any CPU
	EndGlobalSection
	GlobalSection(ProjectConfigurationPlatforms) = postSolution
		{2EB6D8F5-81FA-4B93-B8BB-B309C721C76B}.Debug|Any CPU.ActiveCfg = Debug|Any CPU
		{2EB6D8F5-81FA-4B93-B8BB-B309C721C76B}.Release|Any CPU.ActiveCfg = Release|Any CPU
		{7B1E09C4-22CF-4718-BE3E-3EBCECAA12F2}.Debug|Any CPU.ActiveCfg = Debug|Any CPU
		{7B1E09C4-22CF-4718-BE3E-3EBCECAA12F2}.Release|Any CPU.ActiveCfg = Release|Any CPU
	EndGlobalSection
	GlobalSection(SolutionProperties) = preSolution
		HideSolutionNode = FALSE
	EndGlobalSection
	GlobalSection(ExtensibilityGlobals) = postSolution
		SolutionGuid = {1FF686CC-3084-4F87-AB1C-12C762E662D1}
	EndGlobalSection
EndGlobal
